
Microsoft Visual Studio Solution File, Format Version 12.00
Project("{FAE04EC0-301F-11D3-BF4B-00C04F79EFBC}") = "OopExpressionParser", "OopExpressionParser\OopExpressionParser.csproj", "{4E2D86FF-EB9D-4181-8563-646784FE13CE}"
EndProject
Project("{FAE04EC0-301F-11D3-BF4B-00C04F79EFBC}") = "OopExpressionParser.Test", "OopExpressionParser.Test\OopExpressionParser.Test.csproj", "{DC6DD7DD-0358-454C-B004-36C96D5D9933}"
EndProject
Global
	GlobalSection(SolutionConfigurationPlatforms) = preSolution
		Debug|Any CPU = Debug|Any CPU
		Release|Any CPU = Release|Any CPU
	EndGlobalSection
	GlobalSection(ProjectConfigurationPlatforms) = postSolution
		{4E2D86FF-EB9D-4181-8563-646784FE13CE}.Debug|Any CPU.ActiveCfg = Debug|Any CPU
		{4E2D86FF-EB9D-4181-8563-646784FE13CE}.Debug|Any CPU.Build.0 = Debug|Any CPU
		{4E2D86FF-EB9D-4181-8563-646784FE13CE}.Release|Any CPU.ActiveCfg = Release|Any CPU
		{4E2D86FF-EB9D-4181-8563-646784FE13CE}.Release|Any CPU.Build.0 = Release|Any CPU
		{DC6DD7DD-0358-454C-B004-36C96D5D9933}.Debug|Any CPU.ActiveCfg = Debug|Any CPU
		{DC6DD7DD-0358-454C-B004-36C96D5D9933}.Debug|Any CPU.Build.0 = Debug|Any CPU
		{DC6DD7DD-0358-454C-B004-36C96D5D9933}.Release|Any CPU.ActiveCfg = Release|Any CPU
		{DC6DD7DD-0358-454C-B004-36C96D5D9933}.Release|Any CPU.Build.0 = Release|Any CPU
	EndGlobalSection
EndGlobal
